
Microsoft Visual Studio Solution File, Format Version 12.00
# Visual Studio Version 17
VisualStudioVersion = 17.10.34928.147
MinimumVisualStudioVersion = 10.0.40219.1
Project("{FAE04EC0-301F-11D3-BF4B-00C04F79EFBC}") = "StoreMVC", "StoreMVC\StoreMVC.csproj", "{EB8AC43C-F6AF-4313-B76E-EC02F4121D68}"
EndProject
Global
	GlobalSection(SolutionConfigurationPlatforms) = preSolution
		Debug|Any CPU = Debug|Any CPU
		Release|Any CPU = Release|Any CPU
	EndGlobalSection
	GlobalSection(ProjectConfigurationPlatforms) = postSolution
		{EB8AC43C-F6AF-4313-B76E-EC02F4121D68}.Debug|Any CPU.ActiveCfg = Debug|Any CPU
		{EB8AC43C-F6AF-4313-B76E-EC02F4121D68}.Debug|Any CPU.Build.0 = Debug|Any CPU
		{EB8AC43C-F6AF-4313-B76E-EC02F4121D68}.Release|Any CPU.ActiveCfg = Release|Any CPU
		{EB8AC43C-F6AF-4313-B76E-EC02F4121D68}.Release|Any CPU.Build.0 = Release|Any CPU
	EndGlobalSection
	GlobalSection(SolutionProperties) = preSolution
		HideSolutionNode = FALSE
	EndGlobalSection
	GlobalSection(ExtensibilityGlobals) = postSolution
		SolutionGuid = {E419B0C1-72E4-4646-80EA-CE29A2FCAC94}
	EndGlobalSection
EndGlobal
